
Microsoft Visual Studio Solution File, Format Version 12.00
# Visual Studio Version 17
VisualStudioVersion = 17.14.36915.13
MinimumVisualStudioVersion = 10.0.40219.1
Project("{FAE04EC0-301F-11D3-BF4B-00C04F79EFBC}") = "VehicleFleetManager", "VehicleFleetManager\VehicleFleetManager.csproj", "{6A374BBF-C64C-4CAD-A36B-5203CA9245E1}"
EndProject
Project("{2150E333-8FDC-42A3-9474-1A3956D46DE8}") = "Solution Items", "Solution Items", "{8EC462FD-D22E-90A8-E5CE-7E832BA40C5D}"
EndProject
Global
	GlobalSection(SolutionConfigurationPlatforms) = preSolution
		Debug|Any CPU = Debug|Any CPU
		Release|Any CPU = Release|Any CPU
	EndGlobalSection
	GlobalSection(ProjectConfigurationPlatforms) = postSolution
		{6A374BBF-C64C-4CAD-A36B-5203CA9245E1}.Debug|Any CPU.ActiveCfg = Debug|Any CPU
		{6A374BBF-C64C-4CAD-A36B-5203CA9245E1}.Debug|Any CPU.Build.0 = Debug|Any CPU
		{6A374BBF-C64C-4CAD-A36B-5203CA9245E1}.Release|Any CPU.ActiveCfg = Release|Any CPU
		{6A374BBF-C64C-4CAD-A36B-5203CA9245E1}.Release|Any CPU.Build.0 = Release|Any CPU
	EndGlobalSection
	GlobalSection(SolutionProperties) = preSolution
		HideSolutionNode = FALSE
	EndGlobalSection
	GlobalSection(ExtensibilityGlobals) = postSolution
		SolutionGuid = {1D5F83BE-7E5E-441D-BE88-24DC2CBD64CB}
	EndGlobalSection
EndGlobal
